
Microsoft Visual Studio Solution File, Format Version 12.00
# Visual Studio 15
Project("{FAE04EC0-301F-11D3-BF4B-00C04F79EFBC}") = "Assembly-CSharp-firstpass", "Assembly-CSharp-firstpass.csproj", "{B8C5A661-95B8-9243-F660-82D1980B1E3B}"
EndProject
Project("{FAE04EC0-301F-11D3-BF4B-00C04F79EFBC}") = "Assembly-CSharp", "Assembly-CSharp.csproj", "{D7E35B21-1342-A86F-7680-2B39CFD71BE2}"
EndProject
Project("{FAE04EC0-301F-11D3-BF4B-00C04F79EFBC}") = "Assembly-CSharp-Editor-firstpass", "Assembly-CSharp-Editor-firstpass.csproj", "{F3C9D6B1-E6CA-7852-38DE-89D70B436919}"
EndProject
Global
	GlobalSection(SolutionConfigurationPlatforms) = preSolution
		Debug|Any CPU = Debug|Any CPU
		Release|Any CPU = Release|Any CPU
	EndGlobalSection
	GlobalSection(ProjectConfigurationPlatforms) = postSolution
		{B8C5A661-95B8-9243-F660-82D1980B1E3B}.Debug|Any CPU.ActiveCfg = Debug|Any CPU
		{B8C5A661-95B8-9243-F660-82D1980B1E3B}.Debug|Any CPU.Build.0 = Debug|Any CPU
		{B8C5A661-95B8-9243-F660-82D1980B1E3B}.Release|Any CPU.ActiveCfg = Release|Any CPU
		{B8C5A661-95B8-9243-F660-82D1980B1E3B}.Release|Any CPU.Build.0 = Release|Any CPU
		{D7E35B21-1342-A86F-7680-2B39CFD71BE2}.Debug|Any CPU.ActiveCfg = Debug|Any CPU
		{D7E35B21-1342-A86F-7680-2B39CFD71BE2}.Debug|Any CPU.Build.0 = Debug|Any CPU
		{D7E35B21-1342-A86F-7680-2B39CFD71BE2}.Release|Any CPU.ActiveCfg = Release|Any CPU
		{D7E35B21-1342-A86F-7680-2B39CFD71BE2}.Release|Any CPU.Build.0 = Release|Any CPU
		{F3C9D6B1-E6CA-7852-38DE-89D70B436919}.Debug|Any CPU.ActiveCfg = Debug|Any CPU
		{F3C9D6B1-E6CA-7852-38DE-89D70B436919}.Debug|Any CPU.Build.0 = Debug|Any CPU
		{F3C9D6B1-E6CA-7852-38DE-89D70B436919}.Release|Any CPU.ActiveCfg = Release|Any CPU
		{F3C9D6B1-E6CA-7852-38DE-89D70B436919}.Release|Any CPU.Build.0 = Release|Any CPU
	EndGlobalSection
	GlobalSection(SolutionProperties) = preSolution
		HideSolutionNode = FALSE
	EndGlobalSection
EndGlobal
